// !$*UTF8*$!
{
	archiveVersion = 1;
	classes = {
	};
	objectVersion = 46;
	objects = {

/* Begin PBXBuildFile section */
		1D6BB8E41A32E42800535A15 /* main.m in Sources */ = {isa = PBXBuildFile; fileRef = 1D6BB8E31A32E42800535A15 /* main.m */; };
		1D6BB8E71A32E42800535A15 /* AppDelegate.m in Sources */ = {isa = PBXBuildFile; fileRef = 1D6BB8E61A32E42800535A15 /* AppDelegate.m */; };
		1D6BB8EA1A32E42800535A15 /* ViewController.m in Sources */ = {isa = PBXBuildFile; fileRef = 1D6BB8E91A32E42800535A15 /* ViewController.m */; };
		1D6BB8ED1A32E42800535A15 /* Main.storyboard in Resources */ = {isa = PBXBuildFile; fileRef = 1D6BB8EB1A32E42800535A15 /* Main.storyboard */; };
		1D6BB8EF1A32E42800535A15 /* Images.xcassets in Resources */ = {isa = PBXBuildFile; fileRef = 1D6BB8EE1A32E42800535A15 /* Images.xcassets */; };
		1D6BB8F21A32E42800535A15 /* LaunchScreen.xib in Resources */ = {isa = PBXBuildFile; fileRef = 1D6BB8F01A32E42800535A15 /* LaunchScreen.xib */; };
		1D6BB8FE1A32E42800535A15 /* NetworkCheckerTests.m in Sources */ = {isa = PBXBuildFile; fileRef = 1D6BB8FD1A32E42800535A15 /* NetworkCheckerTests.m */; };
/* End PBXBuildFile section */

/* Begin PBXContainerItemProxy section */
		1D6BB8F81A32E42800535A15 /* PBXContainerItemProxy */ = {
			isa = PBXContainerItemProxy;
			containerPortal = 1D6BB8D61A32E42800535A15 /* Project object */;
			proxyType = 1;
			remoteGlobalIDString = 1D6BB8DD1A32E42800535A15;
			remoteInfo = NetworkChecker;
		};
/* End PBXContainerItemProxy section */

/* Begin PBXFileReference section */
		1D6BB8DE1A32E42800535A15 /* NetworkChecker.app */ = {isa = PBXFileReference; explicitFileType = wrapper.application; includeInIndex = 0; path = NetworkChecker.app; sourceTree = BUILT_PRODUCTS_DIR; };
		1D6BB8E21A32E42800535A15 /* Info.plist */ = {isa = PBXFileReference; lastKnownFileType = text.plist.xml; path = Info.plist; sourceTree = "<group>"; };
		1D6BB8E31A32E42800535A15 /* main.m */ = {isa = PBXFileReference; lastKnownFileType = sourcecode.c.objc; path = main.m; sourceTree = "<group>"; };
		1D6BB8E51A32E42800535A15 /* AppDelegate.h */ = {isa = PBXFileReference; lastKnownFileType = sourcecode.c.h; path = AppDelegate.h; sourceTree = "<group>"; };
		1D6BB8E61A32E42800535A15 /* AppDelegate.m */ = {isa = PBXFileReference; lastKnownFileType = sourcecode.c.objc; path = AppDelegate.m; sourceTree = "<group>"; };
		1D6BB8E81A32E42800535A15 /* ViewController.h */ = {isa = PBXFileReference; lastKnownFileType = sourcecode.c.h; path = ViewController.h; sourceTree = "<group>"; };
		1D6BB8E91A32E42800535A15 /* ViewController.m */ = {isa = PBXFileReference; lastKnownFileType = sourcecode.c.objc; path = ViewController.m; sourceTree = "<group>"; };
		1D6BB8EC1A32E42800535A15 /* Base */ = {isa = PBXFileReference; lastKnownFileType = file.storyboard; name = Base; path = Base.lproj/Main.storyboard; sourceTree = "<group>"; };
		1D6BB8EE1A32E42800535A15 /* Images.xcassets */ = {isa = PBXFileReference; lastKnownFileType = folder.assetcatalog; path = Images.xcassets; sourceTree = "<group>"; };
		1D6BB8F11A32E42800535A15 /* Base */ = {isa = PBXFileReference; lastKnownFileType = file.xib; name = Base; path = Base.lproj/LaunchScreen.xib; sourceTree = "<group>"; };
		1D6BB8F71A32E42800535A15 /* NetworkCheckerTests.xctest */ = {isa = PBXFileReference; explicitFileType = wrapper.cfbundle; includeInIndex = 0; path = NetworkCheckerTests.xctest; sourceTree = BUILT_PRODUCTS_DIR; };
		1D6BB8FC1A32E42800535A15 /* Info.plist */ = {isa = PBXFileReference; lastKnownFileType = text.plist.xml; path = Info.plist; sourceTree = "<group>"; };
		1D6BB8FD1A32E42800535A15 /* NetworkCheckerTests.m */ = {isa = PBXFileReference; lastKnownFileType = sourcecode.c.objc; path = NetworkCheckerTests.m; sourceTree = "<group>"; };
/* End PBXFileReference section */

/* Begin PBXFrameworksBuildPhase section */
		1D6BB8DB1A32E42800535A15 /* Frameworks */ = {
			isa = PBXFrameworksBuildPhase;
			buildActionMask = 2147483647;
			files = (
			);
			runOnlyForDeploymentPostprocessing = 0;
		};
		1D6BB8F41A32E42800535A15 /* Frameworks */ = {
			isa = PBXFrameworksBuildPhase;
			buildActionMask = 2147483647;
			files = (
			);
			runOnlyForDeploymentPostprocessing = 0;
		};
/* End PBXFrameworksBuildPhase section */

/* Begin PBXGroup section */
		1D6BB8D51A32E42800535A15 = {
			isa = PBXGroup;
			children = (
				1D6BB8E01A32E42800535A15 /* NetworkChecker */,
				1D6BB8FA1A32E42800535A15 /* NetworkCheckerTests */,
				1D6BB8DF1A32E42800535A15 /* Products */,
			);
			sourceTree = "<group>";
		};
		1D6BB8DF1A32E42800535A15 /* Products */ = {
			isa = PBXGroup;
			children = (
				1D6BB8DE1A32E42800535A15 /* NetworkChecker.app */,
				1D6BB8F71A32E42800535A15 /* NetworkCheckerTests.xctest */,
			);
			name = Products;
			sourceTree = "<group>";
		};
		1D6BB8E01A32E42800535A15 /* NetworkChecker */ = {
			isa = PBXGroup;
			children = (
				1D6BB8E51A32E42800535A15 /* AppDelegate.h */,
				1D6BB8E61A32E42800535A15 /* AppDelegate.m */,
				1D6BB8E81A32E42800535A15 /* ViewController.h */,
				1D6BB8E91A32E42800535A15 /* ViewController.m */,
				1D6BB8EB1A32E42800535A15 /* Main.storyboard */,
				1D6BB8EE1A32E42800535A15 /* Images.xcassets */,
				1D6BB8F01A32E42800535A15 /* LaunchScreen.xib */,
				1D6BB8E11A32E42800535A15 /* Supporting Files */,
			);
			path = NetworkChecker;
			sourceTree = "<group>";
		};
		1D6BB8E11A32E42800535A15 /* Supporting Files */ = {
			isa = PBXGroup;
			children = (
				1D6BB8E21A32E42800535A15 /* Info.plist */,
				1D6BB8E31A32E42800535A15 /* main.m */,
			);
			name = "Supporting Files";
			sourceTree = "<group>";
		};
		1D6BB8FA1A32E42800535A15 /* NetworkCheckerTests */ = {
			isa = PBXGroup;
			children = (
				1D6BB8FD1A32E42800535A15 /* NetworkCheckerTests.m */,
				1D6BB8FB1A32E42800535A15 /* Supporting Files */,
			);
			path = NetworkCheckerTests;
			sourceTree = "<group>";
		};
		1D6BB8FB1A32E42800535A15 /* Supporting Files */ = {
			isa = PBXGroup;
			children = (
				1D6BB8FC1A32E42800535A15 /* Info.plist */,
			);
			name = "Supporting Files";
			sourceTree = "<group>";
		};
/* End PBXGroup section */

/* Begin PBXNativeTarget section */
		1D6BB8DD1A32E42800535A15 /* NetworkChecker */ = {
			isa = PBXNativeTarget;
			buildConfigurationList = 1D6BB9011A32E42800535A15 /* Build configuration list for PBXNativeTarget "NetworkChecker" */;
			buildPhases = (
				1D6BB8DA1A32E42800535A15 /* Sources */,
				1D6BB8DB1A32E42800535A15 /* Frameworks */,
				1D6BB8DC1A32E42800535A15 /* Resources */,
			);
			buildRules = (
			);
			dependencies = (
			);
			name = NetworkChecker;
			productName = NetworkChecker;
			productReference = 1D6BB8DE1A32E42800535A15 /* NetworkChecker.app */;
			productType = "com.apple.product-type.application";
		};
		1D6BB8F61A32E42800535A15 /* NetworkCheckerTests */ = {
			isa = PBXNativeTarget;
			buildConfigurationList = 1D6BB9041A32E42800535A15 /* Build configuration list for PBXNativeTarget "NetworkCheckerTests" */;
			buildPhases = (
				1D6BB8F31A32E42800535A15 /* Sources */,
				1D6BB8F41A32E42800535A15 /* Frameworks */,
				1D6BB8F51A32E42800535A15 /* Resources */,
			);
			buildRules = (
			);
			dependencies = (
				1D6BB8F91A32E42800535A15 /* PBXTargetDependency */,
			);
			name = NetworkCheckerTests;
			productName = NetworkCheckerTests;
			productReference = 1D6BB8F71A32E42800535A15 /* NetworkCheckerTests.xctest */;
			productType = "com.apple.product-type.bundle.unit-test";
		};
/* End PBXNativeTarget section */

/* Begin PBXProject section */
		1D6BB8D61A32E42800535A15 /* Project object */ = {
			isa = PBXProject;
			attributes = {
				LastUpgradeCheck = 0610;
				ORGANIZATIONNAME = "Roma Herman";
				TargetAttributes = {
					1D6BB8DD1A32E42800535A15 = {
						CreatedOnToolsVersion = 6.1.1;
					};
					1D6BB8F61A32E42800535A15 = {
						CreatedOnToolsVersion = 6.1.1;
						TestTargetID = 1D6BB8DD1A32E42800535A15;
					};
				};
			};
			buildConfigurationList = 1D6BB8D91A32E42800535A15 /* Build configuration list for PBXProject "NetworkChecker" */;
			compatibilityVersion = "Xcode 3.2";
			developmentRegion = English;
			hasScannedForEncodings = 0;
			knownRegions = (
				en,
				Base,
			);
			mainGroup = 1D6BB8D51A32E42800535A15;
			productRefGroup = 1D6BB8DF1A32E42800535A15 /* Products */;
			projectDirPath = "";
			projectRoot = "";
			targets = (
				1D6BB8DD1A32E42800535A15 /* NetworkChecker */,
				1D6BB8F61A32E42800535A15 /* NetworkCheckerTests */,
			);
		};
/* End PBXProject section */

/* Begin PBXResourcesBuildPhase section */
		1D6BB8DC1A32E42800535A15 /* Resources */ = {
			isa = PBXResourcesBuildPhase;
			buildActionMask = 2147483647;
			files = (
				1D6BB8ED1A32E42800535A15 /* Main.storyboard in Resources */,
				1D6BB8F21A32E42800535A15 /* LaunchScreen.xib in Resources */,
				1D6BB8EF1A32E42800535A15 /* Images.xcassets in Resources */,
			);
			runOnlyForDeploymentPostprocessing = 0;
		};
		1D6BB8F51A32E42800535A15 /* Resources */ = {
			isa = PBXResourcesBuildPhase;
			buildActionMask = 2147483647;
			files = (
			);
			runOnlyForDeploymentPostprocessing = 0;
		};
/* End PBXResourcesBuildPhase section */

/* Begin PBXSourcesBuildPhase section */
		1D6BB8DA1A32E42800535A15 /* Sources */ = {
			isa = PBXSourcesBuildPhase;
			buildActionMask = 2147483647;
			files = (
				1D6BB8EA1A32E42800535A15 /* ViewController.m in Sources */,
				1D6BB8E71A32E42800535A15 /* AppDelegate.m in Sources */,
				1D6BB8E41A32E42800535A15 /* main.m in Sources */,
			);
			runOnlyForDeploymentPostprocessing = 0;
		};
		1D6BB8F31A32E42800535A15 /* Sources */ = {
			isa = PBXSourcesBuildPhase;
			buildActionMask = 2147483647;
			files = (
				1D6BB8FE1A32E42800535A15 /* NetworkCheckerTests.m in Sources */,
			);
			runOnlyForDeploymentPostprocessing = 0;
		};
/* End PBXSourcesBuildPhase section */

/* Begin PBXTargetDependency section */
		1D6BB8F91A32E42800535A15 /* PBXTargetDependency */ = {
			isa = PBXTargetDependency;
			target = 1D6BB8DD1A32E42800535A15 /* NetworkChecker */;
			targetProxy = 1D6BB8F81A32E42800535A15 /* PBXContainerItemProxy */;
		};
/* End PBXTargetDependency section */

/* Begin PBXVariantGroup section */
		1D6BB8EB1A32E42800535A15 /* Main.storyboard */ = {
			isa = PBXVariantGroup;
			children = (
				1D6BB8EC1A32E42800535A15 /* Base */,
			);
			name = Main.storyboard;
			sourceTree = "<group>";
		};
		1D6BB8F01A32E42800535A15 /* LaunchScreen.xib */ = {
			isa = PBXVariantGroup;
			children = (
				1D6BB8F11A32E42800535A15 /* Base */,
			);
			name = LaunchScreen.xib;
			sourceTree = "<group>";
		};
/* End PBXVariantGroup section */

/* Begin XCBuildConfiguration section */
		1D6BB8FF1A32E42800535A15 /* Debug */ = {
			isa = XCBuildConfiguration;
			buildSettings = {
				ALWAYS_SEARCH_USER_PATHS = NO;
				CLANG_CXX_LANGUAGE_STANDARD = "gnu++0x";
				CLANG_CXX_LIBRARY = "libc++";
				CLANG_ENABLE_MODULES = YES;
				CLANG_ENABLE_OBJC_ARC = YES;
				CLANG_WARN_BOOL_CONVERSION = YES;
				CLANG_WARN_CONSTANT_CONVERSION = YES;
				CLANG_WARN_DIRECT_OBJC_ISA_USAGE = YES_ERROR;
				CLANG_WARN_EMPTY_BODY = YES;
				CLANG_WARN_ENUM_CONVERSION = YES;
				CLANG_WARN_INT_CONVERSION = YES;
				CLANG_WARN_OBJC_ROOT_CLASS = YES_ERROR;
				CLANG_WARN_UNREACHABLE_CODE = YES;
				CLANG_WARN__DUPLICATE_METHOD_MATCH = YES;
				"CODE_SIGN_IDENTITY[sdk=iphoneos*]" = "iPhone Developer";
				COPY_PHASE_STRIP = NO;
				ENABLE_STRICT_OBJC_MSGSEND = YES;
				GCC_C_LANGUAGE_STANDARD = gnu99;
				GCC_DYNAMIC_NO_PIC = NO;
				GCC_OPTIMIZATION_LEVEL = 0;
				GCC_PREPROCESSOR_DEFINITIONS = (
					"DEBUG=1",
					"$(inherited)",
				);
				GCC_SYMBOLS_PRIVATE_EXTERN = NO;
				GCC_WARN_64_TO_32_BIT_CONVERSION = YES;
				GCC_WARN_ABOUT_RETURN_TYPE = YES_ERROR;
				GCC_WARN_UNDECLARED_SELECTOR = YES;
				GCC_WARN_UNINITIALIZED_AUTOS = YES_AGGRESSIVE;
				GCC_WARN_UNUSED_FUNCTION = YES;
				GCC_WARN_UNUSED_VARIABLE = YES;
				IPHONEOS_DEPLOYMENT_TARGET = 8.1;
				MTL_ENABLE_DEBUG_INFO = YES;
				ONLY_ACTIVE_ARCH = YES;
				SDKROOT = iphoneos;
				TARGETED_DEVICE_FAMILY = "1,2";
			};
			name = Debug;
		};
		1D6BB9001A32E42800535A15 /* Release */ = {
			isa = XCBuildConfiguration;
			buildSettings = {
				ALWAYS_SEARCH_USER_PATHS = NO;
				CLANG_CXX_LANGUAGE_STANDARD = "gnu++0x";
				CLANG_CXX_LIBRARY = "libc++";
				CLANG_ENABLE_MODULES = YES;
				CLANG_ENABLE_OBJC_ARC = YES;
				CLANG_WARN_BOOL_CONVERSION = YES;
				CLANG_WARN_CONSTANT_CONVERSION = YES;
				CLANG_WARN_DIRECT_OBJC_ISA_USAGE = YES_ERROR;
				CLANG_WARN_EMPTY_BODY = YES;
				CLANG_WARN_ENUM_CONVERSION = YES;
				CLANG_WARN_INT_CONVERSION = YES;
				CLANG_WARN_OBJC_ROOT_CLASS = YES_ERROR;
				CLANG_WARN_UNREACHABLE_CODE = YES;
				CLANG_WARN__DUPLICATE_METHOD_MATCH = YES;
				"CODE_SIGN_IDENTITY[sdk=iphoneos*]" = "iPhone Developer";
				COPY_PHASE_STRIP = YES;
				ENABLE_NS_ASSERTIONS = NO;
				ENABLE_STRICT_OBJC_MSGSEND = YES;
				GCC_C_LANGUAGE_STANDARD = gnu99;
				GCC_WARN_64_TO_32_BIT_CONVERSION = YES;
				GCC_WARN_ABOUT_RETURN_TYPE = YES_ERROR;
				GCC_WARN_UNDECLARED_SELECTOR = YES;
				GCC_WARN_UNINITIALIZED_AUTOS = YES_AGGRESSIVE;
				GCC_WARN_UNUSED_FUNCTION = YES;
				GCC_WARN_UNUSED_VARIABLE = YES;
				IPHONEOS_DEPLOYMENT_TARGET = 8.1;
				MTL_ENABLE_DEBUG_INFO = NO;
				SDKROOT = iphoneos;
				TARGETED_DEVICE_FAMILY = "1,2";
				VALIDATE_PRODUCT = YES;
			};
			name = Release;
		};
		1D6BB9021A32E42800535A15 /* Debug */ = {
			isa = XCBuildConfiguration;
			buildSettings = {
				ASSETCATALOG_COMPILER_APPICON_NAME = AppIcon;
				INFOPLIST_FILE = NetworkChecker/Info.plist;
				LD_RUNPATH_SEARCH_PATHS = "$(inherited) @executable_path/Frameworks";
				PRODUCT_NAME = "$(TARGET_NAME)";
			};
			name = Debug;
		};
		1D6BB9031A32E42800535A15 /* Release */ = {
			isa = XCBuildConfiguration;
			buildSettings = {
				ASSETCATALOG_COMPILER_APPICON_NAME = AppIcon;
				INFOPLIST_FILE = NetworkChecker/Info.plist;
				LD_RUNPATH_SEARCH_PATHS = "$(inherited) @executable_path/Frameworks";
				PRODUCT_NAME = "$(TARGET_NAME)";
			};
			name = Release;
		};
		1D6BB9051A32E42800535A15 /* Debug */ = {
			isa = XCBuildConfiguration;
			buildSettings = {
				BUNDLE_LOADER = "$(TEST_HOST)";
				FRAMEWORK_SEARCH_PATHS = (
					"$(SDKROOT)/Developer/Library/Frameworks",
					"$(inherited)",
				);
				GCC_PREPROCESSOR_DEFINITIONS = (
					"DEBUG=1",
					"$(inherited)",
				);
				INFOPLIST_FILE = NetworkCheckerTests/Info.plist;
				LD_RUNPATH_SEARCH_PATHS = "$(inherited) @executable_path/Frameworks @loader_path/Frameworks";
				PRODUCT_NAME = "$(TARGET_NAME)";
				TEST_HOST = "$(BUILT_PRODUCTS_DIR)/NetworkChecker.app/NetworkChecker";
			};
			name = Debug;
		};
		1D6BB9061A32E42800535A15 /* Release */ = {
			isa = XCBuildConfiguration;
			buildSettings = {
				BUNDLE_LOADER = "$(TEST_HOST)";
				FRAMEWORK_SEARCH_PATHS = (
					"$(SDKROOT)/Developer/Library/Frameworks",
					"$(inherited)",
				);
				INFOPLIST_FILE = NetworkCheckerTests/Info.plist;
				LD_RUNPATH_SEARCH_PATHS = "$(inherited) @executable_path/Frameworks @loader_path/Frameworks";
				PRODUCT_NAME = "$(TARGET_NAME)";
				TEST_HOST = "$(BUILT_PRODUCTS_DIR)/NetworkChecker.app/NetworkChecker";
			};
			name = Release;
		};
/* End XCBuildConfiguration section */

/* Begin XCConfigurationList section */
		1D6BB8D91A32E42800535A15 /* Build configuration list for PBXProject "NetworkChecker" */ = {
			isa = XCConfigurationList;
			buildConfigurations = (
				1D6BB8FF1A32E42800535A15 /* Debug */,
				1D6BB9001A32E42800535A15 /* Release */,
			);
			defaultConfigurationIsVisible = 0;
			defaultConfigurationName = Release;
		};
		1D6BB9011A32E42800535A15 /* Build configuration list for PBXNativeTarget "NetworkChecker" */ = {
			isa = XCConfigurationList;
			buildConfigurations = (
				1D6BB9021A32E42800535A15 /* Debug */,
				1D6BB9031A32E42800535A15 /* Release */,
			);
			defaultConfigurationIsVisible = 0;
		};
		1D6BB9041A32E42800535A15 /* Build configuration list for PBXNativeTarget "NetworkCheckerTests" */ = {
			isa = XCConfigurationList;
			buildConfigurations = (
				1D6BB9051A32E42800535A15 /* Debug */,
				1D6BB9061A32E42800535A15 /* Release */,
			);
			defaultConfigurationIsVisible = 0;
		};
/* End XCConfigurationList section */
	};
	rootObject = 1D6BB8D61A32E42800535A15 /* Project object */;
}
